# THIS IS AN AUTOGENERATED FILE. DO NOT EDIT THIS FILE DIRECTLY.
# yarn lockfile v1


lego-events@^1.0.2:
  version "1.0.2"
  resolved "https://registry.yarnpkg.com/lego-events/-/lego-events-1.0.2.tgz#d40de4fd367349e1d8e5f80038bac829675e6b30"

scroll-into-view@^1.9.1:
  version "1.9.1"
  resolved "https://registry.yarnpkg.com/scroll-into-view/-/scroll-into-view-1.9.1.tgz#90c3b338422f9fddaebad90e6954790940dc9c1e"
